
Microsoft Visual Studio Solution File, Format Version 12.00
# Visual Studio 14
VisualStudioVersion = 14.0.25420.1
MinimumVisualStudioVersion = 10.0.40219.1
Project("{2150E333-8FDC-42A3-9474-1A3956D46DE8}") = "src", "src", "{3D442243-E062-4CF0-88F5-12A7D40D1357}"
EndProject
Project("{2150E333-8FDC-42A3-9474-1A3956D46DE8}") = "Solution Items", "Solution Items", "{31A9022D-0993-4C32-979C-9F7216D1D43B}"
	ProjectSection(SolutionItems) = preProject
		global.json = global.json
	EndProjectSection
EndProject
Project("{8BB2217D-0F2D-49D1-97BC-3654ED321F3B}") = "AutofacMultitenancy1", "src\AutofacMultitenancy1\AutofacMultitenancy1.xproj", "{AD1553E1-D0BB-4FBB-8CE5-70F4DBA54B4A}"
EndProject
Global
	GlobalSection(SolutionConfigurationPlatforms) = preSolution
		Debug|Any CPU = Debug|Any CPU
		Release|Any CPU = Release|Any CPU
	EndGlobalSection
	GlobalSection(ProjectConfigurationPlatforms) = postSolution
		{AD1553E1-D0BB-4FBB-8CE5-70F4DBA54B4A}.Debug|Any CPU.ActiveCfg = Debug|Any CPU
		{AD1553E1-D0BB-4FBB-8CE5-70F4DBA54B4A}.Debug|Any CPU.Build.0 = Debug|Any CPU
		{AD1553E1-D0BB-4FBB-8CE5-70F4DBA54B4A}.Release|Any CPU.ActiveCfg = Release|Any CPU
		{AD1553E1-D0BB-4FBB-8CE5-70F4DBA54B4A}.Release|Any CPU.Build.0 = Release|Any CPU
	EndGlobalSection
	GlobalSection(SolutionProperties) = preSolution
		HideSolutionNode = FALSE
	EndGlobalSection
	GlobalSection(NestedProjects) = preSolution
		{AD1553E1-D0BB-4FBB-8CE5-70F4DBA54B4A} = {3D442243-E062-4CF0-88F5-12A7D40D1357}
	EndGlobalSection
EndGlobal
